
Microsoft Visual Studio Solution File, Format Version 12.00
# Visual Studio Version 16
VisualStudioVersion = 16.0.30413.136
MinimumVisualStudioVersion = 10.0.40219.1
Project("{FAE04EC0-301F-11D3-BF4B-00C04F79EFBC}") = "калькулятор", "калькулятор\калькулятор.csproj", "{EF8A84AC-FBAC-401F-BDB4-7DFA851D941A}"
EndProject
Global
	GlobalSection(SolutionConfigurationPlatforms) = preSolution
		Debug|Any CPU = Debug|Any CPU
		Release|Any CPU = Release|Any CPU
	EndGlobalSection
	GlobalSection(ProjectConfigurationPlatforms) = postSolution
		{EF8A84AC-FBAC-401F-BDB4-7DFA851D941A}.Debug|Any CPU.ActiveCfg = Debug|Any CPU
		{EF8A84AC-FBAC-401F-BDB4-7DFA851D941A}.Debug|Any CPU.Build.0 = Debug|Any CPU
		{EF8A84AC-FBAC-401F-BDB4-7DFA851D941A}.Release|Any CPU.ActiveCfg = Release|Any CPU
		{EF8A84AC-FBAC-401F-BDB4-7DFA851D941A}.Release|Any CPU.Build.0 = Release|Any CPU
	EndGlobalSection
	GlobalSection(SolutionProperties) = preSolution
		HideSolutionNode = FALSE
	EndGlobalSection
	GlobalSection(ExtensibilityGlobals) = postSolution
		SolutionGuid = {EA4D3CEB-BE10-4A14-B5A9-A1444E94548F}
	EndGlobalSection
EndGlobal
